
Microsoft Visual Studio Solution File, Format Version 12.00
# Visual Studio Version 17
VisualStudioVersion = 17.5.002.0
MinimumVisualStudioVersion = 10.0.40219.1
Project("{2150E333-8FDC-42A3-9474-1A3956D46DE8}") = "src", "src", "{613289AF-B677-4392-AD82-5E6F5400AB70}"
EndProject
Project("{9A19103F-16F7-4668-BE54-9A1E7A4F7556}") = "Web", "src\Web\Web.csproj", "{11F930E7-D48A-4C55-B0B9-EDB324A66639}"
EndProject
Global
	GlobalSection(SolutionConfigurationPlatforms) = preSolution
		Debug|Any CPU = Debug|Any CPU
		Release|Any CPU = Release|Any CPU
	EndGlobalSection
	GlobalSection(ProjectConfigurationPlatforms) = postSolution
		{11F930E7-D48A-4C55-B0B9-EDB324A66639}.Debug|Any CPU.ActiveCfg = Debug|Any CPU
		{11F930E7-D48A-4C55-B0B9-EDB324A66639}.Debug|Any CPU.Build.0 = Debug|Any CPU
		{11F930E7-D48A-4C55-B0B9-EDB324A66639}.Release|Any CPU.ActiveCfg = Release|Any CPU
		{11F930E7-D48A-4C55-B0B9-EDB324A66639}.Release|Any CPU.Build.0 = Release|Any CPU
	EndGlobalSection
	GlobalSection(SolutionProperties) = preSolution
		HideSolutionNode = FALSE
	EndGlobalSection
	GlobalSection(NestedProjects) = preSolution
		{11F930E7-D48A-4C55-B0B9-EDB324A66639} = {613289AF-B677-4392-AD82-5E6F5400AB70}
	EndGlobalSection
	GlobalSection(ExtensibilityGlobals) = postSolution
		SolutionGuid = {1384483B-654F-49A0-ABCD-A95661AD4896}
	EndGlobalSection
EndGlobal
